<?xml version="1.0" encoding="utf-8"?>
<Project ToolsVersion="4.0" xmlns="http://schemas.microsoft.com/developer/msbuild/2003">
  <ItemGroup>
    <ClCompile Include="..\src\ofxBlackMagic\DeviceList.cpp">
      <Filter>src\ofxBlackmagic</Filter>
    </ClCompile>
    <ClCompile Include="..\src\ofxBlackMagic\Iterator.cpp">
      <Filter>src\ofxBlackmagic</Filter>
    </ClCompile>
    <ClCompile Include="..\src\ofxBlackMagic\Utils.cpp">
      <Filter>src\ofxBlackmagic</Filter>
    </ClCompile>
    <ClCompile Include="..\src\ofxBlackMagic\Input.cpp">
      <Filter>src\ofxBlackmagic</Filter>
    </ClCompile>
    <ClCompile Include="..\src\ofxBlackmagic\Frame.cpp">
      <Filter>src\ofxBlackmagic</Filter>
    </ClCompile>
    <ClCompile Include="..\src\ofxBlackMagic\vs\DeckLinkAPI_i.c">
      <Filter>src\ofxBlackmagic\vs</Filter>
    </ClCompile>
    <ClCompile Include="..\src\ofxBlackMagic\Output.cpp">
      <Filter>src\ofxBlackmagic</Filter>
    </ClCompile>
  </ItemGroup>
  <ItemGroup>
    <ClInclude Include="..\src\ofxBlackMagic\DeviceList.h">
      <Filter>src\ofxBlackmagic</Filter>
    </ClInclude>
    <ClInclude Include="..\src\ofxBlackMagic\Iterator.h">
      <Filter>src\ofxBlackmagic</Filter>
    </ClInclude>
    <ClInclude Include="..\src\ofxBlackMagic\Utils.h">
      <Filter>src\ofxBlackmagic</Filter>
    </ClInclude>
    <ClInclude Include="..\src\ofxBlackMagic.h">
      <Filter>src</Filter>
    </ClInclude>
    <ClInclude Include="..\src\ofxBlackMagic\Input.h">
      <Filter>src\ofxBlackmagic</Filter>
    </ClInclude>
    <ClInclude Include="..\src\ofxBlackmagic\Frame.h">
      <Filter>src\ofxBlackmagic</Filter>
    </ClInclude>
    <ClInclude Include="..\src\ofxBlackMagic\vs\DeckLinkAPI_h.h">
      <Filter>src\ofxBlackmagic\vs</Filter>
    </ClInclude>
    <ClInclude Include="..\src\ofxBlackMagic\Output.h">
      <Filter>src\ofxBlackmagic</Filter>
    </ClInclude>
  </ItemGroup>
  <ItemGroup>
    <Filter Include="src">
      <UniqueIdentifier>{0d17d7ff-bd19-4483-a33b-f0c49028de8f}</UniqueIdentifier>
    </Filter>
    <Filter Include="src\ofxBlackmagic">
      <UniqueIdentifier>{849111ad-87a6-4ce2-aff6-582c94989532}</UniqueIdentifier>
    </Filter>
    <Filter Include="src\ofxBlackmagic\vs">
      <UniqueIdentifier>{1bb11228-a596-448b-83e9-9ca60ebec8d3}</UniqueIdentifier>
    </Filter>
  </ItemGroup>
</Project>