<?xml version="1.0" encoding="utf-8"?>
<Project ToolsVersion="4.0" xmlns="http://schemas.microsoft.com/developer/msbuild/2003">
  <ItemGroup>
    <ClCompile Include="src\main.cpp" />
    <ClCompile Include="src\ofApp.cpp" />
    <ClCompile Include="..\pairs\ofxMachineVision\Device\DeckLink.cpp">
      <Filter>pairs\ofxMachineVision\Device</Filter>
    </ClCompile>
  </ItemGroup>
  <ItemGroup>
    <ClInclude Include="src\ofApp.h" />
    <ClInclude Include="..\pairs\ofxMachineVision\Device\DeckLink.h">
      <Filter>pairs\ofxMachineVision\Device</Filter>
    </ClInclude>
  </ItemGroup>
  <ItemGroup>
    <None Include="ClassDiagram.cd" />
  </ItemGroup>
  <ItemGroup>
    <Filter Include="pairs">
      <UniqueIdentifier>{139c8c86-2e1d-42e6-8c12-7c2998006d5b}</UniqueIdentifier>
    </Filter>
    <Filter Include="pairs\ofxMachineVision">
      <UniqueIdentifier>{58383a49-bbfe-49b5-82f6-01dacc663134}</UniqueIdentifier>
    </Filter>
    <Filter Include="pairs\ofxMachineVision\Device">
      <UniqueIdentifier>{4d73a8c6-2897-4594-a0b5-24d7a13f3f03}</UniqueIdentifier>
    </Filter>
  </ItemGroup>
</Project>